{
  "version": 4,
  "terraform_version": "1.0.1",
  "serial": 331,
  "lineage": "e8bf8c8e-18e4-9f22-10da-d9b77436d3fc",
  "outputs": {},
  "resources": [
    {
      "mode": "managed",
      "type": "aws_ebs_volume",
      "name": "vol1",
      "provider": "provider[\"registry.terraform.io/hashicorp/aws\"]",
      "instances": [
        {
          "schema_version": 0,
          "attributes": {
            "arn": "arn:aws:ec2:ap-south-1:129609417156:volume/vol-0d0f4b4a7f572e707",
            "availability_zone": "ap-south-1a",
            "encrypted": false,
            "id": "vol-0d0f4b4a7f572e707",
            "iops": 100,
            "kms_key_id": "",
            "multi_attach_enabled": false,
            "outpost_arn": "",
            "size": 1,
            "snapshot_id": "",
            "tags": {
              "Name": "Volume-1"
            },
            "tags_all": {
              "Name": "Volume-1"
            },
            "throughput": 0,
            "type": "gp2"
          },
          "sensitive_attributes": [],
          "private": "bnVsbA==",
          "dependencies": [
            "aws_key_pair.generated_key",
            "aws_security_group.allow_ports",
            "aws_subnet.main",
            "aws_vpc.main",
            "tls_private_key.example",
            "aws_instance.os1"
          ]
        }
      ]
    },
    {
      "mode": "managed",
      "type": "aws_instance",
      "name": "os1",
      "provider": "provider[\"registry.terraform.io/hashicorp/aws\"]",
      "instances": [
        {
          "schema_version": 1,
          "attributes": {
            "ami": "ami-010aff33ed5991201",
            "arn": "arn:aws:ec2:ap-south-1:129609417156:instance/i-0ca8f464f028cd202",
            "associate_public_ip_address": true,
            "availability_zone": "ap-south-1a",
            "capacity_reservation_specification": [
              {
                "capacity_reservation_preference": "open",
                "capacity_reservation_target": []
              }
            ],
            "cpu_core_count": 1,
            "cpu_threads_per_core": 1,
            "credit_specification": [
              {
                "cpu_credits": "standard"
              }
            ],
            "disable_api_termination": false,
            "ebs_block_device": [
              {
                "delete_on_termination": false,
                "device_name": "/dev/sdh",
                "encrypted": false,
                "iops": 100,
                "kms_key_id": "",
                "snapshot_id": "",
                "tags": {
                  "Name": "Volume-1"
                },
                "throughput": 0,
                "volume_id": "vol-0d0f4b4a7f572e707",
                "volume_size": 1,
                "volume_type": "gp2"
              }
            ],
            "ebs_optimized": false,
            "enclave_options": [
              {
                "enabled": false
              }
            ],
            "ephemeral_block_device": [],
            "get_password_data": false,
            "hibernation": false,
            "host_id": null,
            "iam_instance_profile": "",
            "id": "i-0ca8f464f028cd202",
            "instance_initiated_shutdown_behavior": "stop",
            "instance_state": "running",
            "instance_type": "t2.micro",
            "ipv6_address_count": 0,
            "ipv6_addresses": [],
            "key_name": "terraform-key",
            "metadata_options": [
              {
                "http_endpoint": "enabled",
                "http_put_response_hop_limit": 1,
                "http_tokens": "optional"
              }
            ],
            "monitoring": false,
            "network_interface": [],
            "outpost_arn": "",
            "password_data": "",
            "placement_group": "",
            "primary_network_interface_id": "eni-09c30d3a462161556",
            "private_dns": "ip-10-0-1-44.ap-south-1.compute.internal",
            "private_ip": "10.0.1.44",
            "public_dns": "",
            "public_ip": "15.206.173.42",
            "root_block_device": [
              {
                "delete_on_termination": true,
                "device_name": "/dev/xvda",
                "encrypted": false,
                "iops": 100,
                "kms_key_id": "",
                "tags": {},
                "throughput": 0,
                "volume_id": "vol-05c89a779bb379bbb",
                "volume_size": 8,
                "volume_type": "gp2"
              }
            ],
            "secondary_private_ips": [],
            "security_groups": [],
            "source_dest_check": true,
            "subnet_id": "subnet-051593b1a2c87abd3",
            "tags": {
              "Name": "webserver from terraform"
            },
            "tags_all": {
              "Name": "webserver from terraform"
            },
            "tenancy": "default",
            "timeouts": null,
            "user_data": null,
            "user_data_base64": null,
            "volume_tags": null,
            "vpc_security_group_ids": [
              "sg-07fe5f4f76f2c9a2a"
            ]
          },
          "sensitive_attributes": [],
          "private": "eyJlMmJmYjczMC1lY2FhLTExZTYtOGY4OC0zNDM2M2JjN2M0YzAiOnsiY3JlYXRlIjo2MDAwMDAwMDAwMDAsImRlbGV0ZSI6MTIwMDAwMDAwMDAwMCwidXBkYXRlIjo2MDAwMDAwMDAwMDB9LCJzY2hlbWFfdmVyc2lvbiI6IjEifQ==",
          "dependencies": [
            "aws_key_pair.generated_key",
            "aws_security_group.allow_ports",
            "aws_subnet.main",
            "aws_vpc.main",
            "tls_private_key.example"
          ]
        }
      ]
    },
    {
      "mode": "managed",
      "type": "aws_internet_gateway",
      "name": "gw",
      "provider": "provider[\"registry.terraform.io/hashicorp/aws\"]",
      "instances": [
        {
          "schema_version": 0,
          "attributes": {
            "arn": "arn:aws:ec2:ap-south-1:129609417156:internet-gateway/igw-088bbbc1076d840a1",
            "id": "igw-088bbbc1076d840a1",
            "owner_id": "129609417156",
            "tags": {
              "Name": "myigw"
            },
            "tags_all": {
              "Name": "myigw"
            },
            "vpc_id": "vpc-004523a262725d99e"
          },
          "sensitive_attributes": [],
          "private": "bnVsbA==",
          "dependencies": [
            "aws_vpc.main"
          ]
        }
      ]
    },
    {
      "mode": "managed",
      "type": "aws_key_pair",
      "name": "generated_key",
      "provider": "provider[\"registry.terraform.io/hashicorp/aws\"]",
      "instances": [
        {
          "schema_version": 1,
          "attributes": {
            "arn": "arn:aws:ec2:ap-south-1:129609417156:key-pair/terraform-key",
            "fingerprint": "18:45:77:ce:65:41:a5:03:88:ef:8a:e9:78:cd:00:ce",
            "id": "terraform-key",
            "key_name": "terraform-key",
            "key_name_prefix": null,
            "key_pair_id": "key-016ae074fad04dd9a",
            "public_key": "ssh-rsa AAAAB3NzaC1yc2EAAAADAQABAAABAQDLRsjtSidUxWrNnrA8N1HMLvChL4dsDKNnvbxqB/DafPlCapBPFvk8N35lfHD3pqP7V5JUZ8sjdAJfTDRmtmO9Yr5i71/AOwNlLg876ZvOGRg/eIxT9CkQ2ShupwyoFluN8ayQUUQKu2RTG4D+zYpchnmXar8TKrZGISFkBWtig6cQUPBPAJiMfDgDEKphqXUbctEBYfkdH/0qd0vSBpbjWuzpI5LDWY4tKWILsU5fZqWFJ8o4voH3ZThexJaMT3b5tgho7iid1//fudwRWyc30u+7q4rDjTt+iFc7FQOGWxpJnbBaM1k/6b1LdTaX+o8lKU+/pDbXmgNt9HQ38GMX",
            "tags": {},
            "tags_all": {}
          },
          "sensitive_attributes": [],
          "private": "eyJzY2hlbWFfdmVyc2lvbiI6IjEifQ==",
          "dependencies": [
            "tls_private_key.example"
          ]
        }
      ]
    },
    {
      "mode": "managed",
      "type": "aws_security_group",
      "name": "allow_ports",
      "provider": "provider[\"registry.terraform.io/hashicorp/aws\"]",
      "instances": [
        {
          "schema_version": 1,
          "attributes": {
            "arn": "arn:aws:ec2:ap-south-1:129609417156:security-group/sg-07fe5f4f76f2c9a2a",
            "description": "Allow inbound traffic",
            "egress": [
              {
                "cidr_blocks": [
                  "0.0.0.0/0"
                ],
                "description": "",
                "from_port": 0,
                "ipv6_cidr_blocks": [],
                "prefix_list_ids": [],
                "protocol": "-1",
                "security_groups": [],
                "self": false,
                "to_port": 0
              }
            ],
            "id": "sg-07fe5f4f76f2c9a2a",
            "ingress": [
              {
                "cidr_blocks": [
                  "0.0.0.0/0"
                ],
                "description": "SHH, HTTP from VPC",
                "from_port": 22,
                "ipv6_cidr_blocks": [],
                "prefix_list_ids": [],
                "protocol": "tcp",
                "security_groups": [],
                "self": false,
                "to_port": 22
              },
              {
                "cidr_blocks": [
                  "0.0.0.0/0"
                ],
                "description": "SHH, HTTP from VPC",
                "from_port": 80,
                "ipv6_cidr_blocks": [],
                "prefix_list_ids": [],
                "protocol": "tcp",
                "security_groups": [],
                "self": false,
                "to_port": 80
              }
            ],
            "name": "terraform_sg",
            "name_prefix": "",
            "owner_id": "129609417156",
            "revoke_rules_on_delete": false,
            "tags": {},
            "tags_all": {},
            "timeouts": null,
            "vpc_id": "vpc-004523a262725d99e"
          },
          "sensitive_attributes": [],
          "private": "eyJlMmJmYjczMC1lY2FhLTExZTYtOGY4OC0zNDM2M2JjN2M0YzAiOnsiY3JlYXRlIjo2MDAwMDAwMDAwMDAsImRlbGV0ZSI6OTAwMDAwMDAwMDAwfSwic2NoZW1hX3ZlcnNpb24iOiIxIn0=",
          "dependencies": [
            "aws_vpc.main"
          ]
        }
      ]
    },
    {
      "mode": "managed",
      "type": "aws_subnet",
      "name": "main",
      "provider": "provider[\"registry.terraform.io/hashicorp/aws\"]",
      "instances": [
        {
          "index_key": 0,
          "schema_version": 1,
          "attributes": {
            "arn": "arn:aws:ec2:ap-south-1:129609417156:subnet/subnet-051593b1a2c87abd3",
            "assign_ipv6_address_on_creation": false,
            "availability_zone": "ap-south-1a",
            "availability_zone_id": "aps1-az1",
            "cidr_block": "10.0.1.0/24",
            "customer_owned_ipv4_pool": "",
            "id": "subnet-051593b1a2c87abd3",
            "ipv6_cidr_block": "",
            "ipv6_cidr_block_association_id": "",
            "map_customer_owned_ip_on_launch": false,
            "map_public_ip_on_launch": true,
            "outpost_arn": "",
            "owner_id": "129609417156",
            "tags": {
              "Name": "mysubnet-1"
            },
            "tags_all": {
              "Name": "mysubnet-1"
            },
            "timeouts": null,
            "vpc_id": "vpc-004523a262725d99e"
          },
          "sensitive_attributes": [],
          "private": "eyJlMmJmYjczMC1lY2FhLTExZTYtOGY4OC0zNDM2M2JjN2M0YzAiOnsiY3JlYXRlIjo2MDAwMDAwMDAwMDAsImRlbGV0ZSI6MTIwMDAwMDAwMDAwMH0sInNjaGVtYV92ZXJzaW9uIjoiMSJ9",
          "dependencies": [
            "aws_vpc.main"
          ]
        },
        {
          "index_key": 1,
          "schema_version": 1,
          "attributes": {
            "arn": "arn:aws:ec2:ap-south-1:129609417156:subnet/subnet-085d8c8797d71b91c",
            "assign_ipv6_address_on_creation": false,
            "availability_zone": "ap-south-1b",
            "availability_zone_id": "aps1-az3",
            "cidr_block": "10.0.2.0/24",
            "customer_owned_ipv4_pool": "",
            "id": "subnet-085d8c8797d71b91c",
            "ipv6_cidr_block": "",
            "ipv6_cidr_block_association_id": "",
            "map_customer_owned_ip_on_launch": false,
            "map_public_ip_on_launch": true,
            "outpost_arn": "",
            "owner_id": "129609417156",
            "tags": {
              "Name": "mysubnet-2"
            },
            "tags_all": {
              "Name": "mysubnet-2"
            },
            "timeouts": null,
            "vpc_id": "vpc-004523a262725d99e"
          },
          "sensitive_attributes": [],
          "private": "eyJlMmJmYjczMC1lY2FhLTExZTYtOGY4OC0zNDM2M2JjN2M0YzAiOnsiY3JlYXRlIjo2MDAwMDAwMDAwMDAsImRlbGV0ZSI6MTIwMDAwMDAwMDAwMH0sInNjaGVtYV92ZXJzaW9uIjoiMSJ9",
          "dependencies": [
            "aws_vpc.main"
          ]
        }
      ]
    },
    {
      "mode": "managed",
      "type": "aws_volume_attachment",
      "name": "ebs_att",
      "provider": "provider[\"registry.terraform.io/hashicorp/aws\"]",
      "instances": [
        {
          "schema_version": 0,
          "attributes": {
            "device_name": "/dev/sdh",
            "force_detach": null,
            "id": "vai-4239963763",
            "instance_id": "i-0ca8f464f028cd202",
            "skip_destroy": null,
            "volume_id": "vol-0d0f4b4a7f572e707"
          },
          "sensitive_attributes": [],
          "private": "bnVsbA==",
          "dependencies": [
            "aws_key_pair.generated_key",
            "aws_security_group.allow_ports",
            "aws_subnet.main",
            "aws_vpc.main",
            "tls_private_key.example",
            "aws_ebs_volume.vol1",
            "aws_instance.os1"
          ]
        }
      ]
    },
    {
      "mode": "managed",
      "type": "aws_vpc",
      "name": "main",
      "provider": "provider[\"registry.terraform.io/hashicorp/aws\"]",
      "instances": [
        {
          "schema_version": 1,
          "attributes": {
            "arn": "arn:aws:ec2:ap-south-1:129609417156:vpc/vpc-004523a262725d99e",
            "assign_generated_ipv6_cidr_block": false,
            "cidr_block": "10.0.0.0/16",
            "default_network_acl_id": "acl-0760961b3ede22792",
            "default_route_table_id": "rtb-0a4bff10cfc24d17f",
            "default_security_group_id": "sg-086cb287b8e14d647",
            "dhcp_options_id": "dopt-37f7385c",
            "enable_classiclink": null,
            "enable_classiclink_dns_support": null,
            "enable_dns_hostnames": false,
            "enable_dns_support": true,
            "id": "vpc-004523a262725d99e",
            "instance_tenancy": "default",
            "ipv6_association_id": "",
            "ipv6_cidr_block": "",
            "main_route_table_id": "rtb-0a4bff10cfc24d17f",
            "owner_id": "129609417156",
            "tags": {
              "Name": "myvpc-terraform"
            },
            "tags_all": {
              "Name": "myvpc-terraform"
            }
          },
          "sensitive_attributes": [],
          "private": "eyJzY2hlbWFfdmVyc2lvbiI6IjEifQ=="
        }
      ]
    },
    {
      "mode": "managed",
      "type": "tls_private_key",
      "name": "example",
      "provider": "provider[\"registry.terraform.io/hashicorp/tls\"]",
      "instances": [
        {
          "schema_version": 0,
          "attributes": {
            "algorithm": "RSA",
            "ecdsa_curve": "P224",
            "id": "6b1b73e6099dbfdc15027632004f674ab3b56623",
            "private_key_pem": "-----BEGIN RSA PRIVATE KEY-----\nMIIEpAIBAAKCAQEAy0bI7UonVMVqzZ6wPDdRzC7woS+HbAyjZ728agfw2nz5QmqQ\nTxb5PDd+ZXxw96aj+1eSVGfLI3QCX0w0ZrZjvWK+Yu9fwDsDZS4PO+mbzhkYP3iM\nU/QpENkobqcMqBZbjfGskFFECrtkUxuA/s2KXIZ5l2q/Eyq2RiEhZAVrYoOnEFDw\nTwCYjHw4AxCqYal1G3LRAWH5HR/9KndL0gaW41rs6SOSw1mOLSliC7FOX2alhSfK\nOL6B92U4XsSWjE92+bYIaO4ondf/37ncEVsnN9Lvu6uKw407fohXOxUDhlsaSZ2w\nWjNZP+m9S3U2l/qPJSlPv6Q215oDbfR0N/BjFwIDAQABAoIBAHxU9k6U/YuPGG1d\n82NRXrmpuEqOfKEs9cFdPuIHq1yn9fmWnl+RqK4ZLzk5rQr8pO31uS3hMlGkAlNx\nk9eDFWxf+h0fVoyIS+JWEsFNeJvNo5Qm0oYDIB8LA/zyNf6VdjhSqn63BgweZBWl\nC/hNlaRUKAjiJK6/gC9S0k6QNgdRcgw1NNagpCzuaE+SBlLV/eLuNfHbJ6laOqgo\n29LsVbrIMsfATTtwpVN8dyHJE2SoDq26qstHVOIRnsw8265GSatReuKZN2uhwiC5\nXS6Z3/FA3Mdfsgz4kdQayCpykGOWmvafeATgf28dywU2Ey2UAQX+2L49LEVbrwHr\ngKV+DWkCgYEA4qTmMtn8MFiIdHx8zWK+lYp0nlUmDYjj8WG/usNDPjFtfAocmMKN\nMsPB6NQD9hWFCK09o0jur8JcJyDWbbL3Hmg9y3/LiDoGlHP1oR7Yw+iXANSMF/g0\nhqBnCFD2eCyDeHOgZ8Rb+RdPixyXkDtQEFtqk5Ahk8CrvZriR+wGePUCgYEA5ZsO\n3vlhGDPvinGlqbUOcOwH5/bDV1WB+9dOh3XThOUOxkOz0Abad1hakAWWSEePZeVc\nvY39dR9WZsa5MoryDGtCO6VKpM3MuIIqvu3xUrd8x+L5mypB9ZcAJE2E+I7S/FfI\nzvxKApFlUmixvz7ncYlGXyqtIq/hL0OGv05HVFsCgYEAqRW2u4dPEs5p9uWMwjmB\nz9S8jgceXYib7dAsFuxn9TUw5hIxJXI3nwDWYJoT3npNhpygWHonwC4zS+m+r5aN\nsDy6pWBQ+u+3Svd779kwhG+4gCER5ywAG9P9KgIk7qDe8HTq3Z9rsljGuhT5qdvm\nLl3VFAO6WR2rwseTO28FoSUCgYEAvQrwsIc0+R9xv1QY6OSIslKzo7oZVWOytO6t\n2nwZnlaV1onRl5q87vxQ/DmNZY99spCoze0FXRRjKBXAT6v05GK/UqqiDZTgVJ3f\nofn48njehRkNGEMvsYwU8s7ch2XYsyl3zWwNZ5XcjYBjsKmTF3jF9v8FNAUJa8e2\nPvatZfcCgYAytwxxiasqkX7iT5sDuaMBiqC1nTy4qS6v3kt4RaRlpES0sYtZMAGu\no3FtSEze4SpXQ8df1O+833wzy8C/E51YIkjj9ppK8qUKhV3Bl4siAVhDARqZw2ib\nUJ4Wwqtfdr05/jwnRtPhbsQymAy1k2TiM68+xJOGoiTYfi4IqUK8/A==\n-----END RSA PRIVATE KEY-----\n",
            "public_key_fingerprint_md5": "0b:ec:a3:20:66:61:4e:bc:c0:cd:49:a4:8c:49:06:12",
            "public_key_openssh": "ssh-rsa AAAAB3NzaC1yc2EAAAADAQABAAABAQDLRsjtSidUxWrNnrA8N1HMLvChL4dsDKNnvbxqB/DafPlCapBPFvk8N35lfHD3pqP7V5JUZ8sjdAJfTDRmtmO9Yr5i71/AOwNlLg876ZvOGRg/eIxT9CkQ2ShupwyoFluN8ayQUUQKu2RTG4D+zYpchnmXar8TKrZGISFkBWtig6cQUPBPAJiMfDgDEKphqXUbctEBYfkdH/0qd0vSBpbjWuzpI5LDWY4tKWILsU5fZqWFJ8o4voH3ZThexJaMT3b5tgho7iid1//fudwRWyc30u+7q4rDjTt+iFc7FQOGWxpJnbBaM1k/6b1LdTaX+o8lKU+/pDbXmgNt9HQ38GMX\n",
            "public_key_pem": "-----BEGIN PUBLIC KEY-----\nMIIBIjANBgkqhkiG9w0BAQEFAAOCAQ8AMIIBCgKCAQEAy0bI7UonVMVqzZ6wPDdR\nzC7woS+HbAyjZ728agfw2nz5QmqQTxb5PDd+ZXxw96aj+1eSVGfLI3QCX0w0ZrZj\nvWK+Yu9fwDsDZS4PO+mbzhkYP3iMU/QpENkobqcMqBZbjfGskFFECrtkUxuA/s2K\nXIZ5l2q/Eyq2RiEhZAVrYoOnEFDwTwCYjHw4AxCqYal1G3LRAWH5HR/9KndL0gaW\n41rs6SOSw1mOLSliC7FOX2alhSfKOL6B92U4XsSWjE92+bYIaO4ondf/37ncEVsn\nN9Lvu6uKw407fohXOxUDhlsaSZ2wWjNZP+m9S3U2l/qPJSlPv6Q215oDbfR0N/Bj\nFwIDAQAB\n-----END PUBLIC KEY-----\n",
            "rsa_bits": 2048
          },
          "sensitive_attributes": [],
          "private": "bnVsbA=="
        }
      ]
    }
  ]
}
